
Microsoft Visual Studio Solution File, Format Version 12.00
# Visual Studio Version 16
VisualStudioVersion = 16.0.30011.22
MinimumVisualStudioVersion = 10.0.40219.1
Project("{FAE04EC0-301F-11D3-BF4B-00C04F79EFBC}") = "ConsoleTicTacToe", "ConsoleTicTacToe\ConsoleTicTacToe.csproj", "{65FFDF87-F5E4-4BCB-9607-4F8F22CA9BC7}"
EndProject
Global
	GlobalSection(SolutionConfigurationPlatforms) = preSolution
		Debug|Any CPU = Debug|Any CPU
		Release|Any CPU = Release|Any CPU
	EndGlobalSection
	GlobalSection(ProjectConfigurationPlatforms) = postSolution
		{65FFDF87-F5E4-4BCB-9607-4F8F22CA9BC7}.Debug|Any CPU.ActiveCfg = Debug|Any CPU
		{65FFDF87-F5E4-4BCB-9607-4F8F22CA9BC7}.Debug|Any CPU.Build.0 = Debug|Any CPU
		{65FFDF87-F5E4-4BCB-9607-4F8F22CA9BC7}.Release|Any CPU.ActiveCfg = Release|Any CPU
		{65FFDF87-F5E4-4BCB-9607-4F8F22CA9BC7}.Release|Any CPU.Build.0 = Release|Any CPU
	EndGlobalSection
	GlobalSection(SolutionProperties) = preSolution
		HideSolutionNode = FALSE
	EndGlobalSection
	GlobalSection(ExtensibilityGlobals) = postSolution
		SolutionGuid = {E8FDD362-2043-42D0-98E8-110CF7EFBBA8}
	EndGlobalSection
EndGlobal
